
Microsoft Visual Studio Solution File, Format Version 12.00
# Visual Studio Version 17
VisualStudioVersion = 17.2.32519.379
MinimumVisualStudioVersion = 10.0.40219.1
Project("{FAE04EC0-301F-11D3-BF4B-00C04F79EFBC}") = "WordCounterApp", "WordCounterApp.csproj", "{8FCEC0F6-8ED8-415C-9354-98DE58C13266}"
EndProject
Global
	GlobalSection(SolutionConfigurationPlatforms) = preSolution
		Debug|Any CPU = Debug|Any CPU
		Release|Any CPU = Release|Any CPU
	EndGlobalSection
	GlobalSection(ProjectConfigurationPlatforms) = postSolution
		{8FCEC0F6-8ED8-415C-9354-98DE58C13266}.Debug|Any CPU.ActiveCfg = Debug|Any CPU
		{8FCEC0F6-8ED8-415C-9354-98DE58C13266}.Debug|Any CPU.Build.0 = Debug|Any CPU
		{8FCEC0F6-8ED8-415C-9354-98DE58C13266}.Release|Any CPU.ActiveCfg = Release|Any CPU
		{8FCEC0F6-8ED8-415C-9354-98DE58C13266}.Release|Any CPU.Build.0 = Release|Any CPU
	EndGlobalSection
	GlobalSection(SolutionProperties) = preSolution
		HideSolutionNode = FALSE
	EndGlobalSection
	GlobalSection(ExtensibilityGlobals) = postSolution
		SolutionGuid = {EFAC2B07-FBFC-4F4B-A8AE-903EF22727FF}
	EndGlobalSection
EndGlobal
